
Microsoft Visual Studio Solution File, Format Version 12.00
# Visual Studio Version 17
VisualStudioVersion = 17.7.34024.191
MinimumVisualStudioVersion = 10.0.40219.1
Project("{FAE04EC0-301F-11D3-BF4B-00C04F79EFBC}") = "wforms dort islem", "wforms dort islem\wforms dort islem.csproj", "{BAD59DF7-892E-4B7D-8969-6A756C347E95}"
EndProject
Global
	GlobalSection(SolutionConfigurationPlatforms) = preSolution
		Debug|Any CPU = Debug|Any CPU
		Release|Any CPU = Release|Any CPU
	EndGlobalSection
	GlobalSection(ProjectConfigurationPlatforms) = postSolution
		{BAD59DF7-892E-4B7D-8969-6A756C347E95}.Debug|Any CPU.ActiveCfg = Debug|Any CPU
		{BAD59DF7-892E-4B7D-8969-6A756C347E95}.Debug|Any CPU.Build.0 = Debug|Any CPU
		{BAD59DF7-892E-4B7D-8969-6A756C347E95}.Release|Any CPU.ActiveCfg = Release|Any CPU
		{BAD59DF7-892E-4B7D-8969-6A756C347E95}.Release|Any CPU.Build.0 = Release|Any CPU
	EndGlobalSection
	GlobalSection(SolutionProperties) = preSolution
		HideSolutionNode = FALSE
	EndGlobalSection
	GlobalSection(ExtensibilityGlobals) = postSolution
		SolutionGuid = {4FE95DAB-5A14-43B6-A010-3256733B0BBF}
	EndGlobalSection
EndGlobal
